
Microsoft Visual Studio Solution File, Format Version 12.00
# Visual Studio Version 16
VisualStudioVersion = 16.0.31313.79
MinimumVisualStudioVersion = 10.0.40219.1
Project("{FAE04EC0-301F-11D3-BF4B-00C04F79EFBC}") = "BancoSimulado", "ConsoleApp1\BancoSimulado.csproj", "{8BFD79E1-AAF5-4256-A55B-1EE515D51300}"
EndProject
Global
	GlobalSection(SolutionConfigurationPlatforms) = preSolution
		Debug|Any CPU = Debug|Any CPU
		Release|Any CPU = Release|Any CPU
	EndGlobalSection
	GlobalSection(ProjectConfigurationPlatforms) = postSolution
		{8BFD79E1-AAF5-4256-A55B-1EE515D51300}.Debug|Any CPU.ActiveCfg = Debug|Any CPU
		{8BFD79E1-AAF5-4256-A55B-1EE515D51300}.Debug|Any CPU.Build.0 = Debug|Any CPU
		{8BFD79E1-AAF5-4256-A55B-1EE515D51300}.Release|Any CPU.ActiveCfg = Release|Any CPU
		{8BFD79E1-AAF5-4256-A55B-1EE515D51300}.Release|Any CPU.Build.0 = Release|Any CPU
	EndGlobalSection
	GlobalSection(SolutionProperties) = preSolution
		HideSolutionNode = FALSE
	EndGlobalSection
	GlobalSection(ExtensibilityGlobals) = postSolution
		SolutionGuid = {C3F0E3EB-3E90-4CDE-B682-3CE371CCC068}
	EndGlobalSection
EndGlobal
